// !$*UTF8*$!
{
	archiveVersion = 1;
	classes = {
	};
	objectVersion = 46;
	objects = {

/* Begin PBXBuildFile section */
		413B3F742A06EA6500A098A7 /* README.md in Resources */ = {isa = PBXBuildFile; fileRef = 413B3F732A06EA6500A098A7 /* README.md */; };
		413B3F7C2A09EC9300A098A7 /* package.tool in Resources */ = {isa = PBXBuildFile; fileRef = 413B3F7B2A09EC9300A098A7 /* package.tool */; };
		419249FB21C9AD4D0078848B /* SerialMouse.hpp in Headers */ = {isa = PBXBuildFile; fileRef = 419249FA21C9AD4D0078848B /* SerialMouse.hpp */; };
		419249FD21C9AD4D0078848B /* SerialMouse.cpp in Sources */ = {isa = PBXBuildFile; fileRef = 419249FC21C9AD4D0078848B /* SerialMouse.cpp */; };
/* End PBXBuildFile section */

/* Begin PBXContainerItemProxy section */
		413B3F792A09EC7D00A098A7 /* PBXContainerItemProxy */ = {
			isa = PBXContainerItemProxy;
			containerPortal = 419249EE21C9AD4D0078848B /* Project object */;
			proxyType = 1;
			remoteGlobalIDString = 419249F621C9AD4D0078848B;
			remoteInfo = SerialMouse;
		};
/* End PBXContainerItemProxy section */

/* Begin PBXFileReference section */
		413B3F732A06EA6500A098A7 /* README.md */ = {isa = PBXFileReference; fileEncoding = 4; lastKnownFileType = net.daringfireball.markdown; path = README.md; sourceTree = "<group>"; };
		413B3F7B2A09EC9300A098A7 /* package.tool */ = {isa = PBXFileReference; fileEncoding = 4; lastKnownFileType = text.script.sh; path = package.tool; sourceTree = "<group>"; };
		419249F721C9AD4D0078848B /* SerialMouse.kext */ = {isa = PBXFileReference; explicitFileType = wrapper.cfbundle; includeInIndex = 0; path = SerialMouse.kext; sourceTree = BUILT_PRODUCTS_DIR; };
		419249FA21C9AD4D0078848B /* SerialMouse.hpp */ = {isa = PBXFileReference; lastKnownFileType = sourcecode.cpp.h; path = SerialMouse.hpp; sourceTree = "<group>"; };
		419249FC21C9AD4D0078848B /* SerialMouse.cpp */ = {isa = PBXFileReference; lastKnownFileType = sourcecode.cpp.cpp; path = SerialMouse.cpp; sourceTree = "<group>"; };
		419249FE21C9AD4D0078848B /* Info.plist */ = {isa = PBXFileReference; lastKnownFileType = text.plist.xml; path = Info.plist; sourceTree = "<group>"; };
/* End PBXFileReference section */

/* Begin PBXFrameworksBuildPhase section */
		419249F421C9AD4D0078848B /* Frameworks */ = {
			isa = PBXFrameworksBuildPhase;
			buildActionMask = 2147483647;
			files = (
			);
			runOnlyForDeploymentPostprocessing = 0;
		};
/* End PBXFrameworksBuildPhase section */

/* Begin PBXGroup section */
		419249ED21C9AD4D0078848B = {
			isa = PBXGroup;
			children = (
				419249F921C9AD4D0078848B /* SerialMouse */,
				419249F821C9AD4D0078848B /* Products */,
				413B3F732A06EA6500A098A7 /* README.md */,
			);
			sourceTree = "<group>";
		};
		419249F821C9AD4D0078848B /* Products */ = {
			isa = PBXGroup;
			children = (
				419249F721C9AD4D0078848B /* SerialMouse.kext */,
			);
			name = Products;
			sourceTree = "<group>";
		};
		419249F921C9AD4D0078848B /* SerialMouse */ = {
			isa = PBXGroup;
			children = (
				419249FA21C9AD4D0078848B /* SerialMouse.hpp */,
				419249FC21C9AD4D0078848B /* SerialMouse.cpp */,
				419249FE21C9AD4D0078848B /* Info.plist */,
				413B3F7B2A09EC9300A098A7 /* package.tool */,
			);
			path = SerialMouse;
			sourceTree = "<group>";
		};
/* End PBXGroup section */

/* Begin PBXHeadersBuildPhase section */
		419249F221C9AD4D0078848B /* Headers */ = {
			isa = PBXHeadersBuildPhase;
			buildActionMask = 2147483647;
			files = (
				419249FB21C9AD4D0078848B /* SerialMouse.hpp in Headers */,
			);
			runOnlyForDeploymentPostprocessing = 0;
		};
/* End PBXHeadersBuildPhase section */

/* Begin PBXLegacyTarget section */
		413B3F752A09EC6500A098A7 /* Package */ = {
			isa = PBXLegacyTarget;
			buildArgumentsString = "$(ACTION)";
			buildConfigurationList = 413B3F782A09EC6600A098A7 /* Build configuration list for PBXLegacyTarget "Package" */;
			buildPhases = (
			);
			buildToolPath = "${SRCROOT}/SerialMouse/package.tool";
			dependencies = (
				413B3F7A2A09EC7D00A098A7 /* PBXTargetDependency */,
			);
			name = Package;
			passBuildSettingsInEnvironment = 1;
			productName = Package;
		};
/* End PBXLegacyTarget section */

/* Begin PBXNativeTarget section */
		419249F621C9AD4D0078848B /* SerialMouse */ = {
			isa = PBXNativeTarget;
			buildConfigurationList = 41924A0121C9AD4D0078848B /* Build configuration list for PBXNativeTarget "SerialMouse" */;
			buildPhases = (
				419249F221C9AD4D0078848B /* Headers */,
				419249F321C9AD4D0078848B /* Sources */,
				419249F421C9AD4D0078848B /* Frameworks */,
				419249F521C9AD4D0078848B /* Resources */,
				413B3F7D2A09ECCE00A098A7 /* Archive */,
			);
			buildRules = (
			);
			dependencies = (
			);
			name = SerialMouse;
			productName = SerialMouse;
			productReference = 419249F721C9AD4D0078848B /* SerialMouse.kext */;
			productType = "com.apple.product-type.kernel-extension";
		};
/* End PBXNativeTarget section */

/* Begin PBXProject section */
		419249EE21C9AD4D0078848B /* Project object */ = {
			isa = PBXProject;
			attributes = {
				LastUpgradeCheck = 1010;
				ORGANIZATIONNAME = Goldfish64;
				TargetAttributes = {
					413B3F752A09EC6500A098A7 = {
						CreatedOnToolsVersion = 14.2;
						ProvisioningStyle = Automatic;
					};
					419249F621C9AD4D0078848B = {
						CreatedOnToolsVersion = 10.1;
						ProvisioningStyle = Manual;
					};
				};
			};
			buildConfigurationList = 419249F121C9AD4D0078848B /* Build configuration list for PBXProject "SerialMouse" */;
			compatibilityVersion = "Xcode 3.2";
			developmentRegion = en;
			hasScannedForEncodings = 0;
			knownRegions = (
				en,
			);
			mainGroup = 419249ED21C9AD4D0078848B;
			productRefGroup = 419249F821C9AD4D0078848B /* Products */;
			projectDirPath = "";
			projectRoot = "";
			targets = (
				413B3F752A09EC6500A098A7 /* Package */,
				419249F621C9AD4D0078848B /* SerialMouse */,
			);
		};
/* End PBXProject section */

/* Begin PBXResourcesBuildPhase section */
		419249F521C9AD4D0078848B /* Resources */ = {
			isa = PBXResourcesBuildPhase;
			buildActionMask = 2147483647;
			files = (
				413B3F7C2A09EC9300A098A7 /* package.tool in Resources */,
				413B3F742A06EA6500A098A7 /* README.md in Resources */,
			);
			runOnlyForDeploymentPostprocessing = 0;
		};
/* End PBXResourcesBuildPhase section */

/* Begin PBXShellScriptBuildPhase section */
		413B3F7D2A09ECCE00A098A7 /* Archive */ = {
			isa = PBXShellScriptBuildPhase;
			buildActionMask = 2147483647;
			files = (
			);
			inputFileListPaths = (
			);
			inputPaths = (
			);
			name = Archive;
			outputFileListPaths = (
			);
			outputPaths = (
			);
			runOnlyForDeploymentPostprocessing = 0;
			shellPath = /bin/sh;
			shellScript = "cd \"${TARGET_BUILD_DIR}\"\n\nstrip -S \"${EXECUTABLE_PATH}\"\nif [ \"$CONFIGURATION\" == \"Release\" ]; then\n  strip -x -T \"${EXECUTABLE_PATH}\" &>/dev/null || strip -x \"${EXECUTABLE_PATH}\"\nfi\n\nif [ -z \"${OVERRIDE_PYTHON3}\" ]; then\n  # Use whatever is in PATH\n  OVERRIDE_PYTHON3=python3\nfi\n\nif [[ \"$ARCHS\" == *\"ACID32\"* ]]; then\n  \"${OVERRIDE_PYTHON3}\" ${SRCROOT}/clang32/fix-macho32 \"${EXECUTABLE_PATH}\" || exit 1\nfi\n";
		};
/* End PBXShellScriptBuildPhase section */

/* Begin PBXSourcesBuildPhase section */
		419249F321C9AD4D0078848B /* Sources */ = {
			isa = PBXSourcesBuildPhase;
			buildActionMask = 2147483647;
			files = (
				419249FD21C9AD4D0078848B /* SerialMouse.cpp in Sources */,
			);
			runOnlyForDeploymentPostprocessing = 0;
		};
/* End PBXSourcesBuildPhase section */

/* Begin PBXTargetDependency section */
		413B3F7A2A09EC7D00A098A7 /* PBXTargetDependency */ = {
			isa = PBXTargetDependency;
			target = 419249F621C9AD4D0078848B /* SerialMouse */;
			targetProxy = 413B3F792A09EC7D00A098A7 /* PBXContainerItemProxy */;
		};
/* End PBXTargetDependency section */

/* Begin XCBuildConfiguration section */
		413B3F762A09EC6600A098A7 /* Debug */ = {
			isa = XCBuildConfiguration;
			buildSettings = {
				CLANG_CXX_LANGUAGE_STANDARD = "gnu++20";
				CLANG_WARN_QUOTED_INCLUDE_IN_FRAMEWORK_HEADER = YES;
				CODE_SIGN_STYLE = Automatic;
				COPY_PHASE_STRIP = NO;
				DEBUGGING_SYMBOLS = YES;
				DEBUG_INFORMATION_FORMAT = dwarf;
				GCC_GENERATE_DEBUGGING_SYMBOLS = YES;
				GCC_OPTIMIZATION_LEVEL = 0;
				MTL_ENABLE_DEBUG_INFO = INCLUDE_SOURCE;
				MTL_FAST_MATH = YES;
				ONLY_ACTIVE_ARCH = YES;
				OTHER_CFLAGS = "";
				OTHER_LDFLAGS = "";
				PRODUCT_NAME = "$(TARGET_NAME)";
			};
			name = Debug;
		};
		413B3F772A09EC6600A098A7 /* Release */ = {
			isa = XCBuildConfiguration;
			buildSettings = {
				CLANG_CXX_LANGUAGE_STANDARD = "gnu++20";
				CLANG_WARN_QUOTED_INCLUDE_IN_FRAMEWORK_HEADER = YES;
				CODE_SIGN_STYLE = Automatic;
				COPY_PHASE_STRIP = NO;
				DEBUG_INFORMATION_FORMAT = "dwarf-with-dsym";
				MTL_ENABLE_DEBUG_INFO = NO;
				MTL_FAST_MATH = YES;
				OTHER_CFLAGS = "";
				OTHER_LDFLAGS = "";
				PRODUCT_NAME = "$(TARGET_NAME)";
			};
			name = Release;
		};
		419249FF21C9AD4D0078848B /* Debug */ = {
			isa = XCBuildConfiguration;
			buildSettings = {
				ALWAYS_SEARCH_USER_PATHS = NO;
				CLANG_ANALYZER_NONNULL = YES;
				CLANG_ANALYZER_NUMBER_OBJECT_CONVERSION = YES_AGGRESSIVE;
				CLANG_CXX_LANGUAGE_STANDARD = "gnu++14";
				CLANG_ENABLE_MODULES = YES;
				CLANG_ENABLE_OBJC_ARC = YES;
				CLANG_ENABLE_OBJC_WEAK = YES;
				CLANG_WARN_BLOCK_CAPTURE_AUTORELEASING = YES;
				CLANG_WARN_BOOL_CONVERSION = YES;
				CLANG_WARN_COMMA = YES;
				CLANG_WARN_CONSTANT_CONVERSION = YES;
				CLANG_WARN_DEPRECATED_OBJC_IMPLEMENTATIONS = YES;
				CLANG_WARN_DIRECT_OBJC_ISA_USAGE = YES_ERROR;
				CLANG_WARN_DOCUMENTATION_COMMENTS = YES;
				CLANG_WARN_EMPTY_BODY = YES;
				CLANG_WARN_ENUM_CONVERSION = YES;
				CLANG_WARN_INFINITE_RECURSION = YES;
				CLANG_WARN_INT_CONVERSION = YES;
				CLANG_WARN_NON_LITERAL_NULL_CONVERSION = YES;
				CLANG_WARN_OBJC_IMPLICIT_RETAIN_SELF = YES;
				CLANG_WARN_OBJC_LITERAL_CONVERSION = YES;
				CLANG_WARN_OBJC_ROOT_CLASS = YES_ERROR;
				CLANG_WARN_RANGE_LOOP_ANALYSIS = YES;
				CLANG_WARN_STRICT_PROTOTYPES = YES;
				CLANG_WARN_SUSPICIOUS_MOVE = YES;
				CLANG_WARN_UNGUARDED_AVAILABILITY = YES_AGGRESSIVE;
				CLANG_WARN_UNREACHABLE_CODE = YES;
				CLANG_WARN__DUPLICATE_METHOD_MATCH = YES;
				CODE_SIGN_IDENTITY = "-";
				"COMPILER_INDEX_STORE_ENABLE[arch=ACID32]" = NO;
				DEBUG_INFORMATION_FORMAT = dwarf;
				ENABLE_STRICT_OBJC_MSGSEND = YES;
				ENABLE_TESTABILITY = YES;
				GCC_C_LANGUAGE_STANDARD = gnu11;
				GCC_DYNAMIC_NO_PIC = NO;
				GCC_NO_COMMON_BLOCKS = YES;
				GCC_OPTIMIZATION_LEVEL = 0;
				GCC_PREPROCESSOR_DEFINITIONS = (
					"DEBUG=1",
					"$(inherited)",
				);
				GCC_WARN_64_TO_32_BIT_CONVERSION = YES;
				GCC_WARN_ABOUT_RETURN_TYPE = YES_ERROR;
				GCC_WARN_UNDECLARED_SELECTOR = YES;
				GCC_WARN_UNINITIALIZED_AUTOS = YES_AGGRESSIVE;
				GCC_WARN_UNUSED_FUNCTION = YES;
				GCC_WARN_UNUSED_VARIABLE = YES;
				KERNEL_EXTENSION_HEADER_SEARCH_PATHS = "$(PROJECT_DIR)/MacKernelSDK/Headers";
				KERNEL_FRAMEWORK_HEADERS = "$(PROJECT_DIR)/MacKernelSDK/Headers";
				MACOSX_DEPLOYMENT_TARGET = 10.6;
				SDKROOT = macosx;
				VALID_ARCHS = "x86_64 ACID32";
			};
			name = Debug;
		};
		41924A0021C9AD4D0078848B /* Release */ = {
			isa = XCBuildConfiguration;
			buildSettings = {
				ALWAYS_SEARCH_USER_PATHS = NO;
				CLANG_ANALYZER_NONNULL = YES;
				CLANG_ANALYZER_NUMBER_OBJECT_CONVERSION = YES_AGGRESSIVE;
				CLANG_CXX_LANGUAGE_STANDARD = "gnu++14";
				CLANG_ENABLE_MODULES = YES;
				CLANG_ENABLE_OBJC_ARC = YES;
				CLANG_ENABLE_OBJC_WEAK = YES;
				CLANG_WARN_BLOCK_CAPTURE_AUTORELEASING = YES;
				CLANG_WARN_BOOL_CONVERSION = YES;
				CLANG_WARN_COMMA = YES;
				CLANG_WARN_CONSTANT_CONVERSION = YES;
				CLANG_WARN_DEPRECATED_OBJC_IMPLEMENTATIONS = YES;
				CLANG_WARN_DIRECT_OBJC_ISA_USAGE = YES_ERROR;
				CLANG_WARN_DOCUMENTATION_COMMENTS = YES;
				CLANG_WARN_EMPTY_BODY = YES;
				CLANG_WARN_ENUM_CONVERSION = YES;
				CLANG_WARN_INFINITE_RECURSION = YES;
				CLANG_WARN_INT_CONVERSION = YES;
				CLANG_WARN_NON_LITERAL_NULL_CONVERSION = YES;
				CLANG_WARN_OBJC_IMPLICIT_RETAIN_SELF = YES;
				CLANG_WARN_OBJC_LITERAL_CONVERSION = YES;
				CLANG_WARN_OBJC_ROOT_CLASS = YES_ERROR;
				CLANG_WARN_RANGE_LOOP_ANALYSIS = YES;
				CLANG_WARN_STRICT_PROTOTYPES = YES;
				CLANG_WARN_SUSPICIOUS_MOVE = YES;
				CLANG_WARN_UNGUARDED_AVAILABILITY = YES_AGGRESSIVE;
				CLANG_WARN_UNREACHABLE_CODE = YES;
				CLANG_WARN__DUPLICATE_METHOD_MATCH = YES;
				CODE_SIGN_IDENTITY = "-";
				COMPILER_INDEX_STORE_ENABLE = YES;
				"COMPILER_INDEX_STORE_ENABLE[arch=ACID32]" = NO;
				DEBUG_INFORMATION_FORMAT = "dwarf-with-dsym";
				ENABLE_NS_ASSERTIONS = NO;
				ENABLE_STRICT_OBJC_MSGSEND = YES;
				GCC_C_LANGUAGE_STANDARD = gnu11;
				GCC_NO_COMMON_BLOCKS = YES;
				GCC_WARN_64_TO_32_BIT_CONVERSION = YES;
				GCC_WARN_ABOUT_RETURN_TYPE = YES_ERROR;
				GCC_WARN_UNDECLARED_SELECTOR = YES;
				GCC_WARN_UNINITIALIZED_AUTOS = YES_AGGRESSIVE;
				GCC_WARN_UNUSED_FUNCTION = YES;
				GCC_WARN_UNUSED_VARIABLE = YES;
				KERNEL_EXTENSION_HEADER_SEARCH_PATHS = "$(PROJECT_DIR)/MacKernelSDK/Headers";
				KERNEL_FRAMEWORK_HEADERS = "$(PROJECT_DIR)/MacKernelSDK/Headers";
				MACOSX_DEPLOYMENT_TARGET = 10.6;
				SDKROOT = macosx;
				VALID_ARCHS = "x86_64 ACID32";
			};
			name = Release;
		};
		41924A0221C9AD4D0078848B /* Debug */ = {
			isa = XCBuildConfiguration;
			buildSettings = {
				CC = "$(inherited)";
				"CC[arch=ACID32]" = "$(PROJECT_DIR)/clang32/clang-12";
				CODE_SIGN_IDENTITY = "";
				CODE_SIGN_INJECT_BASE_ENTITLEMENTS = NO;
				CODE_SIGN_STYLE = Manual;
				COMBINE_HIDPI_IMAGES = YES;
				COPY_PHASE_STRIP = NO;
				CURRENT_PROJECT_VERSION = "$(MODULE_VERSION)";
				CXX = "$(inherited)";
				"CXX[arch=ACID32]" = "$(PROJECT_DIR)/clang32/clang-12";
				INFOPLIST_FILE = SerialMouse/Info.plist;
				LDPLUSPLUS = "$(inherited)";
				"LDPLUSPLUS[arch=ACID32]" = "$(PROJECT_DIR)/clang32/clang-12";
				LIBRARY_SEARCH_PATHS = (
					"$(inherited)",
					"$(PROJECT_DIR)/MacKernelSDK/Library/universal",
				);
				MACOSX_DEPLOYMENT_TARGET = 10.6;
				"MACOSX_DEPLOYMENT_TARGET[arch=ACID32]" = 10.4;
				MARKETING_VERSION = "$(MODULE_VERSION)";
				MODULE_NAME = fish.goldfish64.SerialMouse;
				MODULE_VERSION = 1.0.1;
				OTHER_CFLAGS = (
					"-mmmx",
					"-msse",
					"-msse2",
					"-msse3",
					"-mfpmath=sse",
					"-mssse3",
					"-ftree-vectorize",
					"-fno-non-call-exceptions",
					"-fno-builtin",
					"-fno-asynchronous-unwind-tables",
					"-Wno-unknown-warning-option",
					"-Wno-ossharedptr-misuse",
					"-Wno-vla",
					"-Wno-stdlibcxx-not-found",
				);
				"OTHER_CFLAGS[arch=ACID32]" = (
					"-mmmx",
					"-msse",
					"-msse2",
					"-mfpmath=sse",
					"-ftree-vectorize",
					"-fno-non-call-exceptions",
					"-fno-builtin",
					"-fno-asynchronous-unwind-tables",
					"-Wno-unknown-warning-option",
					"-Wno-ossharedptr-misuse",
					"-Wno-vla",
					"-Wno-stdlibcxx-not-found",
					"-static",
					"-fallow-unsupported",
					"-fno-jump-tables",
					"-fno-stack-protector",
					"-target",
					"i386-apple-macos10.4",
				);
				OTHER_LDFLAGS = "-static";
				"OTHER_LDFLAGS[arch=ACID32]" = (
					"-static",
					"-target",
					"i386-apple-macos10.4",
				);
				PRODUCT_BUNDLE_IDENTIFIER = fish.goldfish64.SerialMouse;
				PRODUCT_NAME = "$(TARGET_NAME)";
				WRAPPER_EXTENSION = kext;
			};
			name = Debug;
		};
		41924A0321C9AD4D0078848B /* Release */ = {
			isa = XCBuildConfiguration;
			buildSettings = {
				CC = "$(inherited)";
				"CC[arch=ACID32]" = "$(PROJECT_DIR)/clang32/clang-12";
				CODE_SIGN_IDENTITY = "";
				CODE_SIGN_INJECT_BASE_ENTITLEMENTS = NO;
				CODE_SIGN_STYLE = Manual;
				COMBINE_HIDPI_IMAGES = YES;
				CURRENT_PROJECT_VERSION = "$(MODULE_VERSION)";
				CXX = "$(inherited)";
				"CXX[arch=ACID32]" = "$(PROJECT_DIR)/clang32/clang-12";
				DEAD_CODE_STRIPPING = YES;
				"DEAD_CODE_STRIPPING[arch=ACID32]" = NO;
				INFOPLIST_FILE = SerialMouse/Info.plist;
				LDPLUSPLUS = "$(inherited)";
				"LDPLUSPLUS[arch=ACID32]" = "$(PROJECT_DIR)/clang32/clang-12";
				LIBRARY_SEARCH_PATHS = (
					"$(inherited)",
					"$(PROJECT_DIR)/MacKernelSDK/Library/universal",
				);
				MACOSX_DEPLOYMENT_TARGET = 10.6;
				"MACOSX_DEPLOYMENT_TARGET[arch=ACID32]" = 10.4;
				MARKETING_VERSION = "$(MODULE_VERSION)";
				MODULE_NAME = fish.goldfish64.SerialMouse;
				MODULE_VERSION = 1.0.1;
				OTHER_CFLAGS = (
					"-mmmx",
					"-msse",
					"-msse2",
					"-msse3",
					"-mfpmath=sse",
					"-mssse3",
					"-ftree-vectorize",
					"-fno-non-call-exceptions",
					"-fno-builtin",
					"-fno-asynchronous-unwind-tables",
					"-Wno-unknown-warning-option",
					"-Wno-ossharedptr-misuse",
					"-Wno-vla",
					"-Wno-stdlibcxx-not-found",
				);
				"OTHER_CFLAGS[arch=ACID32]" = (
					"-mmmx",
					"-msse",
					"-msse2",
					"-mfpmath=sse",
					"-ftree-vectorize",
					"-fno-non-call-exceptions",
					"-fno-builtin",
					"-fno-asynchronous-unwind-tables",
					"-Wno-unknown-warning-option",
					"-Wno-ossharedptr-misuse",
					"-Wno-vla",
					"-Wno-stdlibcxx-not-found",
					"-static",
					"-fallow-unsupported",
					"-fno-jump-tables",
					"-fno-stack-protector",
					"-target",
					"i386-apple-macos10.4",
				);
				OTHER_LDFLAGS = "-static";
				"OTHER_LDFLAGS[arch=ACID32]" = (
					"-static",
					"-target",
					"i386-apple-macos10.4",
				);
				PRODUCT_BUNDLE_IDENTIFIER = fish.goldfish64.SerialMouse;
				PRODUCT_NAME = "$(TARGET_NAME)";
				STRIP_STYLE = "non-global";
				WRAPPER_EXTENSION = kext;
			};
			name = Release;
		};
/* End XCBuildConfiguration section */

/* Begin XCConfigurationList section */
		413B3F782A09EC6600A098A7 /* Build configuration list for PBXLegacyTarget "Package" */ = {
			isa = XCConfigurationList;
			buildConfigurations = (
				413B3F762A09EC6600A098A7 /* Debug */,
				413B3F772A09EC6600A098A7 /* Release */,
			);
			defaultConfigurationIsVisible = 0;
			defaultConfigurationName = Release;
		};
		419249F121C9AD4D0078848B /* Build configuration list for PBXProject "SerialMouse" */ = {
			isa = XCConfigurationList;
			buildConfigurations = (
				419249FF21C9AD4D0078848B /* Debug */,
				41924A0021C9AD4D0078848B /* Release */,
			);
			defaultConfigurationIsVisible = 0;
			defaultConfigurationName = Release;
		};
		41924A0121C9AD4D0078848B /* Build configuration list for PBXNativeTarget "SerialMouse" */ = {
			isa = XCConfigurationList;
			buildConfigurations = (
				41924A0221C9AD4D0078848B /* Debug */,
				41924A0321C9AD4D0078848B /* Release */,
			);
			defaultConfigurationIsVisible = 0;
			defaultConfigurationName = Release;
		};
/* End XCConfigurationList section */
	};
	rootObject = 419249EE21C9AD4D0078848B /* Project object */;
}
